
Microsoft Visual Studio Solution File, Format Version 12.00
# Visual Studio Version 16
VisualStudioVersion = 16.0.30413.136
MinimumVisualStudioVersion = 10.0.40219.1
Project("{FAE04EC0-301F-11D3-BF4B-00C04F79EFBC}") = "WebRutaCiclistica", "WebRutaCiclistica.csproj", "{5563FAC0-E037-4CCB-BA05-49EEB6895282}"
EndProject
Global
	GlobalSection(SolutionConfigurationPlatforms) = preSolution
		Debug|Any CPU = Debug|Any CPU
		Release|Any CPU = Release|Any CPU
	EndGlobalSection
	GlobalSection(ProjectConfigurationPlatforms) = postSolution
		{5563FAC0-E037-4CCB-BA05-49EEB6895282}.Debug|Any CPU.ActiveCfg = Debug|Any CPU
		{5563FAC0-E037-4CCB-BA05-49EEB6895282}.Debug|Any CPU.Build.0 = Debug|Any CPU
		{5563FAC0-E037-4CCB-BA05-49EEB6895282}.Release|Any CPU.ActiveCfg = Release|Any CPU
		{5563FAC0-E037-4CCB-BA05-49EEB6895282}.Release|Any CPU.Build.0 = Release|Any CPU
	EndGlobalSection
	GlobalSection(SolutionProperties) = preSolution
		HideSolutionNode = FALSE
	EndGlobalSection
	GlobalSection(ExtensibilityGlobals) = postSolution
		SolutionGuid = {718FC1E3-2D70-41E2-B015-4741DC3E98C8}
	EndGlobalSection
EndGlobal
